
Microsoft Visual Studio Solution File, Format Version 12.00
# Visual Studio 15
VisualStudioVersion = 15.0.27004.2005
MinimumVisualStudioVersion = 10.0.40219.1
Project("{9A19103F-16F7-4668-BE54-9A1E7A4F7556}") = "AspNetCoreTodo", "AspNetCoreTodo\AspNetCoreTodo.csproj", "{F6493510-BE9A-4EAF-834A-481488E04702}"
EndProject
Project("{9A19103F-16F7-4668-BE54-9A1E7A4F7556}") = "AspNetCoreTodo.UnitTests", "AspNetCoreTodo.UnitTests\AspNetCoreTodo.UnitTests.csproj", "{80AEFB0B-244D-4B5E-9E05-22EB88819A3F}"
EndProject
Global
	GlobalSection(SolutionConfigurationPlatforms) = preSolution
		Debug|Any CPU = Debug|Any CPU
		Release|Any CPU = Release|Any CPU
	EndGlobalSection
	GlobalSection(ProjectConfigurationPlatforms) = postSolution
		{F6493510-BE9A-4EAF-834A-481488E04702}.Debug|Any CPU.ActiveCfg = Debug|Any CPU
		{F6493510-BE9A-4EAF-834A-481488E04702}.Debug|Any CPU.Build.0 = Debug|Any CPU
		{F6493510-BE9A-4EAF-834A-481488E04702}.Release|Any CPU.ActiveCfg = Release|Any CPU
		{F6493510-BE9A-4EAF-834A-481488E04702}.Release|Any CPU.Build.0 = Release|Any CPU
		{80AEFB0B-244D-4B5E-9E05-22EB88819A3F}.Debug|Any CPU.ActiveCfg = Debug|Any CPU
		{80AEFB0B-244D-4B5E-9E05-22EB88819A3F}.Debug|Any CPU.Build.0 = Debug|Any CPU
		{80AEFB0B-244D-4B5E-9E05-22EB88819A3F}.Release|Any CPU.ActiveCfg = Release|Any CPU
		{80AEFB0B-244D-4B5E-9E05-22EB88819A3F}.Release|Any CPU.Build.0 = Release|Any CPU
	EndGlobalSection
	GlobalSection(SolutionProperties) = preSolution
		HideSolutionNode = FALSE
	EndGlobalSection
	GlobalSection(ExtensibilityGlobals) = postSolution
		SolutionGuid = {7B4603A0-0215-4E39-814C-7F894BAA5F69}
	EndGlobalSection
EndGlobal
